{
  "name": "browserify-fs",
  "version": "1.0.0",
  "lockfileVersion": 1,
  "requires": true,
  "dependencies": {
    "abstract-leveldown": {
      "version": "0.12.4",
      "resolved": "https://registry.npmjs.org/abstract-leveldown/-/abstract-leveldown-0.12.4.tgz",
      "integrity": "sha1-KeGOYy5g5OIh1YECR4UqY9ey5BA=",
      "requires": {
        "xtend": "~3.0.0"
      },
      "dependencies": {
        "xtend": {
          "version": "3.0.0",
          "resolved": "https://registry.npmjs.org/xtend/-/xtend-3.0.0.tgz",
          "integrity": "sha1-XM50B7r2Qsunvs2laBEcST9ZZlo="
        }
      }
    },
    "bl": {
      "version": "0.8.2",
      "resolved": "https://registry.npmjs.org/bl/-/bl-0.8.2.tgz",
      "integrity": "sha1-yba8oI0bwuoA/Ir7Txpf0eHGbk4=",
      "requires": {
        "readable-stream": "~1.0.26"
      },
      "dependencies": {
        "isarray": {
          "version": "0.0.1",
          "resolved": "https://registry.npmjs.org/isarray/-/isarray-0.0.1.tgz",
          "integrity": "sha1-ihis/Kmo9Bd+Cav8YDiTmwXR7t8="
        },
        "readable-stream": {
          "version": "1.0.34",
          "resolved": "https://registry.npmjs.org/readable-stream/-/readable-stream-1.0.34.tgz",
          "integrity": "sha1-Elgg40vIQtLyqq+v5MKRbuMsFXw=",
          "requires": {
            "core-util-is": "~1.0.0",
            "inherits": "~2.0.1",
            "isarray": "0.0.1",
            "string_decoder": "~0.10.x"
          }
        },
        "string_decoder": {
          "version": "0.10.31",
          "resolved": "https://registry.npmjs.org/string_decoder/-/string_decoder-0.10.31.tgz",
          "integrity": "sha1-YuIDvEF2bGwoyfyEMB2rHFMQ+pQ="
        }
      }
    },
    "buffer-from": {
      "version": "1.1.1",
      "resolved": "https://registry.npmjs.org/buffer-from/-/buffer-from-1.1.1.tgz",
      "integrity": "sha512-MQcXEUbCKtEo7bhqEs6560Hyd4XaovZlO/k9V3hjVUF/zwW7KBVdSK4gIt/bzwS9MbR5qob+F5jusZsb0YQK2A=="
    },
    "clone": {
      "version": "0.1.19",
      "resolved": "https://registry.npmjs.org/clone/-/clone-0.1.19.tgz",
      "integrity": "sha1-YT+2hjmyaklKxTJT4Vsaa9iK2oU="
    },
    "concat-stream": {
      "version": "1.6.2",
      "resolved": "https://registry.npmjs.org/concat-stream/-/concat-stream-1.6.2.tgz",
      "integrity": "sha512-27HBghJxjiZtIk3Ycvn/4kbJk/1uZuJFfuPEns6LaEvpvG1f0hTea8lilrouyo9mVc2GWdcEZ8OLoGmSADlrCw==",
      "requires": {
        "buffer-from": "^1.0.0",
        "inherits": "^2.0.3",
        "readable-stream": "^2.2.2",
        "typedarray": "^0.0.6"
      }
    },
    "core-util-is": {
      "version": "1.0.2",
      "resolved": "https://registry.npmjs.org/core-util-is/-/core-util-is-1.0.2.tgz",
      "integrity": "sha1-tf1UIgqivFq1eqtxQMlAdUUDwac="
    },
    "deferred-leveldown": {
      "version": "0.2.0",
      "resolved": "https://registry.npmjs.org/deferred-leveldown/-/deferred-leveldown-0.2.0.tgz",
      "integrity": "sha1-LO8fER4cV4cNi7uK8mUOWHzS9bQ=",
      "requires": {
        "abstract-leveldown": "~0.12.1"
      }
    },
    "errno": {
      "version": "0.1.7",
      "resolved": "https://registry.npmjs.org/errno/-/errno-0.1.7.tgz",
      "integrity": "sha512-MfrRBDWzIWifgq6tJj60gkAwtLNb6sQPlcFrSOflcP1aFmmruKQ2wRnze/8V6kgyz7H3FF8Npzv78mZ7XLLflg==",
      "requires": {
        "prr": "~1.0.1"
      }
    },
    "foreach": {
      "version": "2.0.5",
      "resolved": "https://registry.npmjs.org/foreach/-/foreach-2.0.5.tgz",
      "integrity": "sha1-C+4AUBiusmDQo6865ljdATbsG5k="
    },
    "fwd-stream": {
      "version": "1.0.4",
      "resolved": "https://registry.npmjs.org/fwd-stream/-/fwd-stream-1.0.4.tgz",
      "integrity": "sha1-7Sgcq+1G/uz5Ie4y3ExQs3KsfPo=",
      "requires": {
        "readable-stream": "~1.0.26-4"
      },
      "dependencies": {
        "isarray": {
          "version": "0.0.1",
          "resolved": "https://registry.npmjs.org/isarray/-/isarray-0.0.1.tgz",
          "integrity": "sha1-ihis/Kmo9Bd+Cav8YDiTmwXR7t8="
        },
        "readable-stream": {
          "version": "1.0.34",
          "resolved": "https://registry.npmjs.org/readable-stream/-/readable-stream-1.0.34.tgz",
          "integrity": "sha1-Elgg40vIQtLyqq+v5MKRbuMsFXw=",
          "requires": {
            "core-util-is": "~1.0.0",
            "inherits": "~2.0.1",
            "isarray": "0.0.1",
            "string_decoder": "~0.10.x"
          }
        },
        "string_decoder": {
          "version": "0.10.31",
          "resolved": "https://registry.npmjs.org/string_decoder/-/string_decoder-0.10.31.tgz",
          "integrity": "sha1-YuIDvEF2bGwoyfyEMB2rHFMQ+pQ="
        }
      }
    },
    "idb-wrapper": {
      "version": "1.7.2",
      "resolved": "https://registry.npmjs.org/idb-wrapper/-/idb-wrapper-1.7.2.tgz",
      "integrity": "sha512-zfNREywMuf0NzDo9mVsL0yegjsirJxHpKHvWcyRozIqQy89g0a3U+oBPOCN4cc0oCiOuYgZHimzaW/R46G1Mpg=="
    },
    "indexof": {
      "version": "0.0.1",
      "resolved": "https://registry.npmjs.org/indexof/-/indexof-0.0.1.tgz",
      "integrity": "sha1-gtwzbSMrkGIXnQWrMpOmYFn9Q10="
    },
    "inherits": {
      "version": "2.0.4",
      "resolved": "https://registry.npmjs.org/inherits/-/inherits-2.0.4.tgz",
      "integrity": "sha512-k/vGaX4/Yla3WzyMCvTQOXYeIHvqOKtnqBduzTHpzpQZzAskKMhZ2K+EnBiSM9zGSoIFeMpXKxa4dYeZIQqewQ=="
    },
    "is": {
      "version": "0.2.7",
      "resolved": "https://registry.npmjs.org/is/-/is-0.2.7.tgz",
      "integrity": "sha1-OzSixI81mXLzUEKEkZOucmS2NWI="
    },
    "is-object": {
      "version": "0.1.2",
      "resolved": "https://registry.npmjs.org/is-object/-/is-object-0.1.2.tgz",
      "integrity": "sha1-AO+8CIFsM8/ErIJR0TLhDcZQmNc="
    },
    "isarray": {
      "version": "1.0.0",
      "resolved": "https://registry.npmjs.org/isarray/-/isarray-1.0.0.tgz",
      "integrity": "sha1-u5NdSFgsuhaMBoNJV6VKPgcSTxE="
    },
    "isbuffer": {
      "version": "0.0.0",
      "resolved": "https://registry.npmjs.org/isbuffer/-/isbuffer-0.0.0.tgz",
      "integrity": "sha1-OMFG2d9Si4v5sHAcPUPPEt8/w5s="
    },
    "level-blobs": {
      "version": "0.1.7",
      "resolved": "https://registry.npmjs.org/level-blobs/-/level-blobs-0.1.7.tgz",
      "integrity": "sha1-mrm5e7mfHtv594o0M+Ie1WOGva8=",
      "requires": {
        "level-peek": "1.0.6",
        "once": "^1.3.0",
        "readable-stream": "^1.0.26-4"
      },
      "dependencies": {
        "isarray": {
          "version": "0.0.1",
          "resolved": "https://registry.npmjs.org/isarray/-/isarray-0.0.1.tgz",
          "integrity": "sha1-ihis/Kmo9Bd+Cav8YDiTmwXR7t8="
        },
        "readable-stream": {
          "version": "1.1.14",
          "resolved": "https://registry.npmjs.org/readable-stream/-/readable-stream-1.1.14.tgz",
          "integrity": "sha1-fPTFTvZI44EwhMY23SB54WbAgdk=",
          "requires": {
            "core-util-is": "~1.0.0",
            "inherits": "~2.0.1",
            "isarray": "0.0.1",
            "string_decoder": "~0.10.x"
          }
        },
        "string_decoder": {
          "version": "0.10.31",
          "resolved": "https://registry.npmjs.org/string_decoder/-/string_decoder-0.10.31.tgz",
          "integrity": "sha1-YuIDvEF2bGwoyfyEMB2rHFMQ+pQ="
        }
      }
    },
    "level-filesystem": {
      "version": "1.2.0",
      "resolved": "https://registry.npmjs.org/level-filesystem/-/level-filesystem-1.2.0.tgz",
      "integrity": "sha1-oArKmRnEpN+v3KaoEI0iWq3/Y7M=",
      "requires": {
        "concat-stream": "^1.4.4",
        "errno": "^0.1.1",
        "fwd-stream": "^1.0.4",
        "level-blobs": "^0.1.7",
        "level-peek": "^1.0.6",
        "level-sublevel": "^5.2.0",
        "octal": "^1.0.0",
        "once": "^1.3.0",
        "xtend": "^2.2.0"
      }
    },
    "level-fix-range": {
      "version": "1.0.2",
      "resolved": "https://registry.npmjs.org/level-fix-range/-/level-fix-range-1.0.2.tgz",
      "integrity": "sha1-vxW5Fa422EcMgh6IPd95zRZCCCg="
    },
    "level-hooks": {
      "version": "4.5.0",
      "resolved": "https://registry.npmjs.org/level-hooks/-/level-hooks-4.5.0.tgz",
      "integrity": "sha1-G5rmGSKTDzMF0aYfxNg8gQLA3ZM=",
      "requires": {
        "string-range": "~1.2"
      }
    },
    "level-js": {
      "version": "2.2.4",
      "resolved": "https://registry.npmjs.org/level-js/-/level-js-2.2.4.tgz",
      "integrity": "sha1-vAVfQYBjXUSJtWHJSG+jcOjBFpc=",
      "requires": {
        "abstract-leveldown": "~0.12.0",
        "idb-wrapper": "^1.5.0",
        "isbuffer": "~0.0.0",
        "ltgt": "^2.1.2",
        "typedarray-to-buffer": "~1.0.0",
        "xtend": "~2.1.2"
      },
      "dependencies": {
        "object-keys": {
          "version": "0.4.0",
          "resolved": "https://registry.npmjs.org/object-keys/-/object-keys-0.4.0.tgz",
          "integrity": "sha1-KKaq50KN0sOpLz2V8hM13SBOAzY="
        },
        "xtend": {
          "version": "2.1.2",
          "resolved": "https://registry.npmjs.org/xtend/-/xtend-2.1.2.tgz",
          "integrity": "sha1-bv7MKk2tjmlixJAbM3znuoe10os=",
          "requires": {
            "object-keys": "~0.4.0"
          }
        }
      }
    },
    "level-peek": {
      "version": "1.0.6",
      "resolved": "https://registry.npmjs.org/level-peek/-/level-peek-1.0.6.tgz",
      "integrity": "sha1-vsUccqgu5GTTNkNMfIdsP8vM538=",
      "requires": {
        "level-fix-range": "~1.0.2"
      }
    },
    "level-sublevel": {
      "version": "5.2.3",
      "resolved": "https://registry.npmjs.org/level-sublevel/-/level-sublevel-5.2.3.tgz",
      "integrity": "sha1-dEwSxy0ucr543eO5tc2E1iGRQTo=",
      "requires": {
        "level-fix-range": "2.0",
        "level-hooks": ">=4.4.0 <5",
        "string-range": "~1.2.1",
        "xtend": "~2.0.4"
      },
      "dependencies": {
        "level-fix-range": {
          "version": "2.0.0",
          "resolved": "https://registry.npmjs.org/level-fix-range/-/level-fix-range-2.0.0.tgz",
          "integrity": "sha1-xBfWIVlEIVGhnZojZ4aPFyTC1Ug=",
          "requires": {
            "clone": "~0.1.9"
          }
        },
        "xtend": {
          "version": "2.0.6",
          "resolved": "https://registry.npmjs.org/xtend/-/xtend-2.0.6.tgz",
          "integrity": "sha1-XqZXptukRwacLlnFihE4ywxebO4=",
          "requires": {
            "is-object": "~0.1.2",
            "object-keys": "~0.2.0"
          }
        }
      }
    },
    "levelup": {
      "version": "0.18.6",
      "resolved": "https://registry.npmjs.org/levelup/-/levelup-0.18.6.tgz",
      "integrity": "sha1-5qAcsIlhbI7MApHCqb0/DETj5es=",
      "requires": {
        "bl": "~0.8.1",
        "deferred-leveldown": "~0.2.0",
        "errno": "~0.1.1",
        "prr": "~0.0.0",
        "readable-stream": "~1.0.26",
        "semver": "~2.3.1",
        "xtend": "~3.0.0"
      },
      "dependencies": {
        "isarray": {
          "version": "0.0.1",
          "resolved": "https://registry.npmjs.org/isarray/-/isarray-0.0.1.tgz",
          "integrity": "sha1-ihis/Kmo9Bd+Cav8YDiTmwXR7t8="
        },
        "prr": {
          "version": "0.0.0",
          "resolved": "https://registry.npmjs.org/prr/-/prr-0.0.0.tgz",
          "integrity": "sha1-GoS4WQgyVQFBGFPQCB7j+obikmo="
        },
        "readable-stream": {
          "version": "1.0.34",
          "resolved": "https://registry.npmjs.org/readable-stream/-/readable-stream-1.0.34.tgz",
          "integrity": "sha1-Elgg40vIQtLyqq+v5MKRbuMsFXw=",
          "requires": {
            "core-util-is": "~1.0.0",
            "inherits": "~2.0.1",
            "isarray": "0.0.1",
            "string_decoder": "~0.10.x"
          }
        },
        "string_decoder": {
          "version": "0.10.31",
          "resolved": "https://registry.npmjs.org/string_decoder/-/string_decoder-0.10.31.tgz",
          "integrity": "sha1-YuIDvEF2bGwoyfyEMB2rHFMQ+pQ="
        },
        "xtend": {
          "version": "3.0.0",
          "resolved": "https://registry.npmjs.org/xtend/-/xtend-3.0.0.tgz",
          "integrity": "sha1-XM50B7r2Qsunvs2laBEcST9ZZlo="
        }
      }
    },
    "ltgt": {
      "version": "2.2.1",
      "resolved": "https://registry.npmjs.org/ltgt/-/ltgt-2.2.1.tgz",
      "integrity": "sha1-81ypHEk/e3PaDgdJUwTxezH4fuU="
    },
    "object-keys": {
      "version": "0.2.0",
      "resolved": "https://registry.npmjs.org/object-keys/-/object-keys-0.2.0.tgz",
      "integrity": "sha1-zd7AKZiwkb5CvxA1rjLknxy26mc=",
      "requires": {
        "foreach": "~2.0.1",
        "indexof": "~0.0.1",
        "is": "~0.2.6"
      }
    },
    "octal": {
      "version": "1.0.0",
      "resolved": "https://registry.npmjs.org/octal/-/octal-1.0.0.tgz",
      "integrity": "sha1-Y+cWKmjvvrniE1iNWOmJ0eXEUws="
    },
    "once": {
      "version": "1.4.0",
      "resolved": "https://registry.npmjs.org/once/-/once-1.4.0.tgz",
      "integrity": "sha1-WDsap3WWHUsROsF9nFC6753Xa9E=",
      "requires": {
        "wrappy": "1"
      }
    },
    "process-nextick-args": {
      "version": "2.0.1",
      "resolved": "https://registry.npmjs.org/process-nextick-args/-/process-nextick-args-2.0.1.tgz",
      "integrity": "sha512-3ouUOpQhtgrbOa17J7+uxOTpITYWaGP7/AhoR3+A+/1e9skrzelGi/dXzEYyvbxubEF6Wn2ypscTKiKJFFn1ag=="
    },
    "prr": {
      "version": "1.0.1",
      "resolved": "https://registry.npmjs.org/prr/-/prr-1.0.1.tgz",
      "integrity": "sha1-0/wRS6BplaRexok/SEzrHXj19HY="
    },
    "readable-stream": {
      "version": "2.3.6",
      "resolved": "https://registry.npmjs.org/readable-stream/-/readable-stream-2.3.6.tgz",
      "integrity": "sha512-tQtKA9WIAhBF3+VLAseyMqZeBjW0AHJoxOtYqSUZNJxauErmLbVm2FW1y+J/YA9dUrAC39ITejlZWhVIwawkKw==",
      "requires": {
        "core-util-is": "~1.0.0",
        "inherits": "~2.0.3",
        "isarray": "~1.0.0",
        "process-nextick-args": "~2.0.0",
        "safe-buffer": "~5.1.1",
        "string_decoder": "~1.1.1",
        "util-deprecate": "~1.0.1"
      }
    },
    "safe-buffer": {
      "version": "5.1.2",
      "resolved": "https://registry.npmjs.org/safe-buffer/-/safe-buffer-5.1.2.tgz",
      "integrity": "sha512-Gd2UZBJDkXlY7GbJxfsE8/nvKkUEU1G38c1siN6QP6a9PT9MmHB8GnpscSmMJSoF8LOIrt8ud/wPtojys4G6+g=="
    },
    "semver": {
      "version": "2.3.2",
      "resolved": "https://registry.npmjs.org/semver/-/semver-2.3.2.tgz",
      "integrity": "sha1-uYSPJdbPNjMwc+ye+IVtQvEjPlI="
    },
    "string-range": {
      "version": "1.2.2",
      "resolved": "https://registry.npmjs.org/string-range/-/string-range-1.2.2.tgz",
      "integrity": "sha1-qJPtNH5yKZvIO++78qaSqNI51d0="
    },
    "string_decoder": {
      "version": "1.1.1",
      "resolved": "https://registry.npmjs.org/string_decoder/-/string_decoder-1.1.1.tgz",
      "integrity": "sha512-n/ShnvDi6FHbbVfviro+WojiFzv+s8MPMHBczVePfUpDJLwoLT0ht1l4YwBCbi8pJAveEEdnkHyPyTP/mzRfwg==",
      "requires": {
        "safe-buffer": "~5.1.0"
      }
    },
    "typedarray": {
      "version": "0.0.6",
      "resolved": "https://registry.npmjs.org/typedarray/-/typedarray-0.0.6.tgz",
      "integrity": "sha1-hnrHTjhkGHsdPUfZlqeOxciDB3c="
    },
    "typedarray-to-buffer": {
      "version": "1.0.4",
      "resolved": "https://registry.npmjs.org/typedarray-to-buffer/-/typedarray-to-buffer-1.0.4.tgz",
      "integrity": "sha1-m7i6DoQfs/TPH+fCRenz+opf6Zw="
    },
    "util-deprecate": {
      "version": "1.0.2",
      "resolved": "https://registry.npmjs.org/util-deprecate/-/util-deprecate-1.0.2.tgz",
      "integrity": "sha1-RQ1Nyfpw3nMnYvvS1KKJgUGaDM8="
    },
    "wrappy": {
      "version": "1.0.2",
      "resolved": "https://registry.npmjs.org/wrappy/-/wrappy-1.0.2.tgz",
      "integrity": "sha1-tSQ9jz7BqjXxNkYFvA0QNuMKtp8="
    },
    "xtend": {
      "version": "2.2.0",
      "resolved": "https://registry.npmjs.org/xtend/-/xtend-2.2.0.tgz",
      "integrity": "sha1-7vax8ZjByN6vrYsXZaBNrUoBxak="
    }
  }
}
